
Microsoft Visual Studio Solution File, Format Version 12.00
# Visual Studio 2013
VisualStudioVersion = 12.0.31101.0
MinimumVisualStudioVersion = 10.0.40219.1
Project("{FAE04EC0-301F-11D3-BF4B-00C04F79EFBC}") = "webui", "..\webui\webui.csproj", "{F73B3F88-2F4D-4CA4-B320-861A5B23C469}"
EndProject
Project("{2150E333-8FDC-42A3-9474-1A3956D46DE8}") = "Infrastructure", "Infrastructure", "{3165C001-9954-4000-85A8-C7C5230F8796}"
EndProject
Global
	GlobalSection(SolutionConfigurationPlatforms) = preSolution
		Debug|Any CPU = Debug|Any CPU
		Release|Any CPU = Release|Any CPU
	EndGlobalSection
	GlobalSection(ProjectConfigurationPlatforms) = postSolution
		{F73B3F88-2F4D-4CA4-B320-861A5B23C469}.Debug|Any CPU.ActiveCfg = Debug|Any CPU
		{F73B3F88-2F4D-4CA4-B320-861A5B23C469}.Debug|Any CPU.Build.0 = Debug|Any CPU
		{F73B3F88-2F4D-4CA4-B320-861A5B23C469}.Release|Any CPU.ActiveCfg = Release|Any CPU
		{F73B3F88-2F4D-4CA4-B320-861A5B23C469}.Release|Any CPU.Build.0 = Release|Any CPU
	EndGlobalSection
	GlobalSection(SolutionProperties) = preSolution
		HideSolutionNode = FALSE
	EndGlobalSection
EndGlobal
